{
  "nodes": {
    "awesome-git-src": {
      "flake": false,
      "locked": {
        "lastModified": 1647882589,
        "narHash": "sha256-EDAL7NnLF2BiVI8DAlEciiZtDmwXOzCPypGTrlN/OoQ=",
        "owner": "awesomeWM",
        "repo": "awesome",
        "rev": "c539e0e4350a42f813952fc28dd8490f42d934b3",
        "type": "github"
      },
      "original": {
        "owner": "awesomeWM",
        "repo": "awesome",
        "type": "github"
      }
    },
    "flake-utils": {
      "locked": {
        "lastModified": 1652776076,
        "narHash": "sha256-gzTw/v1vj4dOVbpBSJX4J0DwUR6LIyXo7/SuuTJp1kM=",
        "owner": "numtide",
        "repo": "flake-utils",
        "rev": "04c1b180862888302ddfb2e3ad9eaa63afc60cf8",
        "type": "github"
      },
      "original": {
        "owner": "numtide",
        "repo": "flake-utils",
        "type": "github"
      }
    },
    "flake-utils_2": {
      "locked": {
        "lastModified": 1644229661,
        "narHash": "sha256-1YdnJAsNy69bpcjuoKdOYQX0YxZBiCYZo4Twxerqv7k=",
        "owner": "numtide",
        "repo": "flake-utils",
        "rev": "3cecb5b042f7f209c56ffd8371b2711a290ec797",
        "type": "github"
      },
      "original": {
        "owner": "numtide",
        "repo": "flake-utils",
        "type": "github"
      }
    },
    "naersk": {
      "inputs": {
        "nixpkgs": "nixpkgs"
      },
      "locked": {
        "lastModified": 1652722411,
        "narHash": "sha256-FxzNgYiH9c91hUVAntcjrqY//KOTUPP2a4e8Wyuysxg=",
        "owner": "nix-community",
        "repo": "naersk",
        "rev": "94beb7a3edfeb3bcda65fa3f2ebc48ec6b40bf72",
        "type": "github"
      },
      "original": {
        "owner": "nix-community",
        "repo": "naersk",
        "type": "github"
      }
    },
    "neovim": {
      "inputs": {
        "flake-utils": "flake-utils_2",
        "nixpkgs": "nixpkgs_2"
      },
      "locked": {
        "dir": "contrib",
        "lastModified": 1653353703,
        "narHash": "sha256-/ImT0pIKRklmXyB67e3cJxPTJbcGkkkLYGhyeAzHIVE=",
        "owner": "neovim",
        "repo": "neovim",
        "rev": "5eaf9ef8110aa2e05042385d56916a804bb61a05",
        "type": "github"
      },
      "original": {
        "dir": "contrib",
        "owner": "neovim",
        "repo": "neovim",
        "type": "github"
      }
    },
    "nixpkgs": {
      "locked": {
        "lastModified": 1653117584,
        "narHash": "sha256-5uUrHeHBIaySBTrRExcCoW8fBBYVSDjDYDU5A6iOl+k=",
        "owner": "NixOS",
        "repo": "nixpkgs",
        "rev": "f4dfed73ee886b115a99e5b85fdfbeb683290d83",
        "type": "github"
      },
      "original": {
        "id": "nixpkgs",
        "type": "indirect"
      }
    },
    "nixpkgs_2": {
      "locked": {
        "lastModified": 1646254136,
        "narHash": "sha256-8nQx02tTzgYO21BP/dy5BCRopE8OwE8Drsw98j+Qoaw=",
        "owner": "nixos",
        "repo": "nixpkgs",
        "rev": "3e072546ea98db00c2364b81491b893673267827",
        "type": "github"
      },
      "original": {
        "owner": "nixos",
        "ref": "nixos-unstable",
        "repo": "nixpkgs",
        "type": "github"
      }
    },
    "nixpkgs_3": {
      "locked": {
        "lastModified": 1653117584,
        "narHash": "sha256-5uUrHeHBIaySBTrRExcCoW8fBBYVSDjDYDU5A6iOl+k=",
        "owner": "NixOS",
        "repo": "nixpkgs",
        "rev": "f4dfed73ee886b115a99e5b85fdfbeb683290d83",
        "type": "github"
      },
      "original": {
        "owner": "NixOS",
        "ref": "nixpkgs-unstable",
        "repo": "nixpkgs",
        "type": "github"
      }
    },
    "root": {
      "inputs": {
        "awesome-git-src": "awesome-git-src",
        "flake-utils": "flake-utils",
        "naersk": "naersk",
        "neovim": "neovim",
        "nixpkgs": "nixpkgs_3",
        "wezterm-git-src": "wezterm-git-src"
      }
    },
    "wezterm-git-src": {
      "flake": false,
      "locked": {
        "lastModified": 1653320285,
        "narHash": "sha256-kvrexRcteMzWaKAd4aHNl3BHb3m4oFsE5y0DUiNXzx0=",
        "ref": "main",
        "rev": "298b4abf70aedc8e3b8f832073cfc407654f506e",
        "revCount": 5629,
        "submodules": true,
        "type": "git",
        "url": "https://github.com/wez/wezterm.git"
      },
      "original": {
        "ref": "main",
        "submodules": true,
        "type": "git",
        "url": "https://github.com/wez/wezterm.git"
      }
    }
  },
  "root": "root",
  "version": 7
}
