{
  "nodes": {
    "awesome-battery-widget-git": {
      "flake": false,
      "locked": {
        "lastModified": 1629647896,
        "narHash": "sha256-ELNWKnwHDOxgC30xP3gTT1pYLZgGvGd9eVJKd5Ok98A=",
        "owner": "Aire-One",
        "repo": "awesome-battery_widget",
        "rev": "48b83f444d175496104f3b9ff36f1dff0473e01e",
        "type": "github"
      },
      "original": {
        "owner": "Aire-One",
        "repo": "awesome-battery_widget",
        "type": "github"
      }
    },
    "awesome-git-src": {
      "flake": false,
      "locked": {
        "lastModified": 1717662234,
        "narHash": "sha256-uaskBbnX8NgxrprI4UbPfb5cRqdRsJZv0YXXshfsxFU=",
        "owner": "awesomeWM",
        "repo": "awesome",
        "rev": "ad0290bc1aac3ec2391aa14784146a53ebf9d1f0",
        "type": "github"
      },
      "original": {
        "owner": "awesomeWM",
        "repo": "awesome",
        "type": "github"
      }
    },
    "bling-git": {
      "flake": false,
      "locked": {
        "lastModified": 1717332532,
        "narHash": "sha256-6NZSUb7sSBUegSIPIubQUOZG3knzXfnyfEbCoEyggtc=",
        "owner": "BlingCorp",
        "repo": "bling",
        "rev": "19ccfc0daf5edda8bbc508487616d00277a9d954",
        "type": "github"
      },
      "original": {
        "owner": "BlingCorp",
        "repo": "bling",
        "type": "github"
      }
    },
    "nixpkgs": {
      "locked": {
        "lastModified": 1720955038,
        "narHash": "sha256-GaliJqfFwyYxReFywxAa8orCO+EnDq2NK2F+5aSc8vo=",
        "owner": "NixOS",
        "repo": "nixpkgs",
        "rev": "aa247c0c90ecf4ae7a032c54fdc21b91ca274062",
        "type": "github"
      },
      "original": {
        "owner": "NixOS",
        "ref": "nixpkgs-unstable",
        "repo": "nixpkgs",
        "type": "github"
      }
    },
    "root": {
      "inputs": {
        "awesome-battery-widget-git": "awesome-battery-widget-git",
        "awesome-git-src": "awesome-git-src",
        "bling-git": "bling-git",
        "nixpkgs": "nixpkgs",
        "rubato-git": "rubato-git",
        "rust-overlay": "rust-overlay"
      }
    },
    "rubato-git": {
      "flake": false,
      "locked": {
        "lastModified": 1695847712,
        "narHash": "sha256-AvHOUXWZFJNmstjQsmIcW24pgHE0r0mCyL7Jz2q3jU8=",
        "owner": "andOrlando",
        "repo": "rubato",
        "rev": "8a3737b7af4c9dc40c53d700118333d36541d4d3",
        "type": "github"
      },
      "original": {
        "owner": "andOrlando",
        "repo": "rubato",
        "type": "github"
      }
    },
    "rust-overlay": {
      "inputs": {
        "nixpkgs": [
          "nixpkgs"
        ]
      },
      "locked": {
        "lastModified": 1721010111,
        "narHash": "sha256-GuPw2xhJZ+eszIJFu7z7AtqUmirSWPHpxuCpG6dSOic=",
        "owner": "oxalica",
        "repo": "rust-overlay",
        "rev": "3ef018b6d0f62eb59580a8e9fe141e37bf1d972d",
        "type": "github"
      },
      "original": {
        "owner": "oxalica",
        "repo": "rust-overlay",
        "type": "github"
      }
    }
  },
  "root": "root",
  "version": 7
}
